// !$*UTF8*$!
{
	archiveVersion = 1;
	classes = {
	};
	objectVersion = 48;
	objects = {

/* Begin PBXBuildFile section */
		00164DFA1FF5372B001F5661 /* AppDelegate.swift in Sources */ = {isa = PBXBuildFile; fileRef = 00164DF91FF5372B001F5661 /* AppDelegate.swift */; };
		00164DFC1FF5372B001F5661 /* FirstViewController.swift in Sources */ = {isa = PBXBuildFile; fileRef = 00164DFB1FF5372B001F5661 /* FirstViewController.swift */; };
		00164DFE1FF5372B001F5661 /* SecondViewController.swift in Sources */ = {isa = PBXBuildFile; fileRef = 00164DFD1FF5372B001F5661 /* SecondViewController.swift */; };
		00164E011FF5372B001F5661 /* Main.storyboard in Resources */ = {isa = PBXBuildFile; fileRef = 00164DFF1FF5372B001F5661 /* Main.storyboard */; };
		00164E031FF5372B001F5661 /* Assets.xcassets in Resources */ = {isa = PBXBuildFile; fileRef = 00164E021FF5372B001F5661 /* Assets.xcassets */; };
		00164E061FF5372B001F5661 /* LaunchScreen.storyboard in Resources */ = {isa = PBXBuildFile; fileRef = 00164E041FF5372B001F5661 /* LaunchScreen.storyboard */; };
/* End PBXBuildFile section */

/* Begin PBXFileReference section */
		00164DF61FF5372B001F5661 /* V2LparJson.app */ = {isa = PBXFileReference; explicitFileType = wrapper.application; includeInIndex = 0; path = V2LparJson.app; sourceTree = BUILT_PRODUCTS_DIR; };
		00164DF91FF5372B001F5661 /* AppDelegate.swift */ = {isa = PBXFileReference; lastKnownFileType = sourcecode.swift; path = AppDelegate.swift; sourceTree = "<group>"; };
		00164DFB1FF5372B001F5661 /* FirstViewController.swift */ = {isa = PBXFileReference; lastKnownFileType = sourcecode.swift; path = FirstViewController.swift; sourceTree = "<group>"; };
		00164DFD1FF5372B001F5661 /* SecondViewController.swift */ = {isa = PBXFileReference; lastKnownFileType = sourcecode.swift; path = SecondViewController.swift; sourceTree = "<group>"; };
		00164E001FF5372B001F5661 /* Base */ = {isa = PBXFileReference; lastKnownFileType = file.storyboard; name = Base; path = Base.lproj/Main.storyboard; sourceTree = "<group>"; };
		00164E021FF5372B001F5661 /* Assets.xcassets */ = {isa = PBXFileReference; lastKnownFileType = folder.assetcatalog; path = Assets.xcassets; sourceTree = "<group>"; };
		00164E051FF5372B001F5661 /* Base */ = {isa = PBXFileReference; lastKnownFileType = file.storyboard; name = Base; path = Base.lproj/LaunchScreen.storyboard; sourceTree = "<group>"; };
		00164E071FF5372B001F5661 /* Info.plist */ = {isa = PBXFileReference; lastKnownFileType = text.plist.xml; path = Info.plist; sourceTree = "<group>"; };
/* End PBXFileReference section */

/* Begin PBXFrameworksBuildPhase section */
		00164DF31FF5372B001F5661 /* Frameworks */ = {
			isa = PBXFrameworksBuildPhase;
			buildActionMask = 2147483647;
			files = (
			);
			runOnlyForDeploymentPostprocessing = 0;
		};
/* End PBXFrameworksBuildPhase section */

/* Begin PBXGroup section */
		00164DED1FF5372B001F5661 = {
			isa = PBXGroup;
			children = (
				00164DF81FF5372B001F5661 /* V2LparJson */,
				00164DF71FF5372B001F5661 /* Products */,
			);
			sourceTree = "<group>";
		};
		00164DF71FF5372B001F5661 /* Products */ = {
			isa = PBXGroup;
			children = (
				00164DF61FF5372B001F5661 /* V2LparJson.app */,
			);
			name = Products;
			sourceTree = "<group>";
		};
		00164DF81FF5372B001F5661 /* V2LparJson */ = {
			isa = PBXGroup;
			children = (
				00164DF91FF5372B001F5661 /* AppDelegate.swift */,
				00164DFB1FF5372B001F5661 /* FirstViewController.swift */,
				00164DFD1FF5372B001F5661 /* SecondViewController.swift */,
				00164DFF1FF5372B001F5661 /* Main.storyboard */,
				00164E021FF5372B001F5661 /* Assets.xcassets */,
				00164E041FF5372B001F5661 /* LaunchScreen.storyboard */,
				00164E071FF5372B001F5661 /* Info.plist */,
			);
			path = V2LparJson;
			sourceTree = "<group>";
		};
/* End PBXGroup section */

/* Begin PBXNativeTarget section */
		00164DF51FF5372B001F5661 /* V2LparJson */ = {
			isa = PBXNativeTarget;
			buildConfigurationList = 00164E0A1FF5372B001F5661 /* Build configuration list for PBXNativeTarget "V2LparJson" */;
			buildPhases = (
				00164DF21FF5372B001F5661 /* Sources */,
				00164DF31FF5372B001F5661 /* Frameworks */,
				00164DF41FF5372B001F5661 /* Resources */,
			);
			buildRules = (
			);
			dependencies = (
			);
			name = V2LparJson;
			productName = V2LparJson;
			productReference = 00164DF61FF5372B001F5661 /* V2LparJson.app */;
			productType = "com.apple.product-type.application";
		};
/* End PBXNativeTarget section */

/* Begin PBXProject section */
		00164DEE1FF5372B001F5661 /* Project object */ = {
			isa = PBXProject;
			attributes = {
				LastSwiftUpdateCheck = 0920;
				LastUpgradeCheck = 0920;
				ORGANIZATIONNAME = "Jake Berberich";
				TargetAttributes = {
					00164DF51FF5372B001F5661 = {
						CreatedOnToolsVersion = 9.2;
						ProvisioningStyle = Automatic;
					};
				};
			};
			buildConfigurationList = 00164DF11FF5372B001F5661 /* Build configuration list for PBXProject "V2LparJson" */;
			compatibilityVersion = "Xcode 8.0";
			developmentRegion = en;
			hasScannedForEncodings = 0;
			knownRegions = (
				en,
				Base,
			);
			mainGroup = 00164DED1FF5372B001F5661;
			productRefGroup = 00164DF71FF5372B001F5661 /* Products */;
			projectDirPath = "";
			projectRoot = "";
			targets = (
				00164DF51FF5372B001F5661 /* V2LparJson */,
			);
		};
/* End PBXProject section */

/* Begin PBXResourcesBuildPhase section */
		00164DF41FF5372B001F5661 /* Resources */ = {
			isa = PBXResourcesBuildPhase;
			buildActionMask = 2147483647;
			files = (
				00164E061FF5372B001F5661 /* LaunchScreen.storyboard in Resources */,
				00164E031FF5372B001F5661 /* Assets.xcassets in Resources */,
				00164E011FF5372B001F5661 /* Main.storyboard in Resources */,
			);
			runOnlyForDeploymentPostprocessing = 0;
		};
/* End PBXResourcesBuildPhase section */

/* Begin PBXSourcesBuildPhase section */
		00164DF21FF5372B001F5661 /* Sources */ = {
			isa = PBXSourcesBuildPhase;
			buildActionMask = 2147483647;
			files = (
				00164DFE1FF5372B001F5661 /* SecondViewController.swift in Sources */,
				00164DFA1FF5372B001F5661 /* AppDelegate.swift in Sources */,
				00164DFC1FF5372B001F5661 /* FirstViewController.swift in Sources */,
			);
			runOnlyForDeploymentPostprocessing = 0;
		};
/* End PBXSourcesBuildPhase section */

/* Begin PBXVariantGroup section */
		00164DFF1FF5372B001F5661 /* Main.storyboard */ = {
			isa = PBXVariantGroup;
			children = (
				00164E001FF5372B001F5661 /* Base */,
			);
			name = Main.storyboard;
			sourceTree = "<group>";
		};
		00164E041FF5372B001F5661 /* LaunchScreen.storyboard */ = {
			isa = PBXVariantGroup;
			children = (
				00164E051FF5372B001F5661 /* Base */,
			);
			name = LaunchScreen.storyboard;
			sourceTree = "<group>";
		};
/* End PBXVariantGroup section */

/* Begin XCBuildConfiguration section */
		00164E081FF5372B001F5661 /* Debug */ = {
			isa = XCBuildConfiguration;
			buildSettings = {
				ALWAYS_SEARCH_USER_PATHS = NO;
				CLANG_ANALYZER_NONNULL = YES;
				CLANG_ANALYZER_NUMBER_OBJECT_CONVERSION = YES_AGGRESSIVE;
				CLANG_CXX_LANGUAGE_STANDARD = "gnu++14";
				CLANG_CXX_LIBRARY = "libc++";
				CLANG_ENABLE_MODULES = YES;
				CLANG_ENABLE_OBJC_ARC = YES;
				CLANG_WARN_BLOCK_CAPTURE_AUTORELEASING = YES;
				CLANG_WARN_BOOL_CONVERSION = YES;
				CLANG_WARN_COMMA = YES;
				CLANG_WARN_CONSTANT_CONVERSION = YES;
				CLANG_WARN_DIRECT_OBJC_ISA_USAGE = YES_ERROR;
				CLANG_WARN_DOCUMENTATION_COMMENTS = YES;
				CLANG_WARN_EMPTY_BODY = YES;
				CLANG_WARN_ENUM_CONVERSION = YES;
				CLANG_WARN_INFINITE_RECURSION = YES;
				CLANG_WARN_INT_CONVERSION = YES;
				CLANG_WARN_NON_LITERAL_NULL_CONVERSION = YES;
				CLANG_WARN_OBJC_LITERAL_CONVERSION = YES;
				CLANG_WARN_OBJC_ROOT_CLASS = YES_ERROR;
				CLANG_WARN_RANGE_LOOP_ANALYSIS = YES;
				CLANG_WARN_STRICT_PROTOTYPES = YES;
				CLANG_WARN_SUSPICIOUS_MOVE = YES;
				CLANG_WARN_UNGUARDED_AVAILABILITY = YES_AGGRESSIVE;
				CLANG_WARN_UNREACHABLE_CODE = YES;
				CLANG_WARN__DUPLICATE_METHOD_MATCH = YES;
				CODE_SIGN_IDENTITY = "iPhone Developer";
				COPY_PHASE_STRIP = NO;
				DEBUG_INFORMATION_FORMAT = dwarf;
				ENABLE_STRICT_OBJC_MSGSEND = YES;
				ENABLE_TESTABILITY = YES;
				GCC_C_LANGUAGE_STANDARD = gnu11;
				GCC_DYNAMIC_NO_PIC = NO;
				GCC_NO_COMMON_BLOCKS = YES;
				GCC_OPTIMIZATION_LEVEL = 0;
				GCC_PREPROCESSOR_DEFINITIONS = (
					"DEBUG=1",
					"$(inherited)",
				);
				GCC_WARN_64_TO_32_BIT_CONVERSION = YES;
				GCC_WARN_ABOUT_RETURN_TYPE = YES_ERROR;
				GCC_WARN_UNDECLARED_SELECTOR = YES;
				GCC_WARN_UNINITIALIZED_AUTOS = YES_AGGRESSIVE;
				GCC_WARN_UNUSED_FUNCTION = YES;
				GCC_WARN_UNUSED_VARIABLE = YES;
				IPHONEOS_DEPLOYMENT_TARGET = 11.2;
				MTL_ENABLE_DEBUG_INFO = YES;
				ONLY_ACTIVE_ARCH = YES;
				SDKROOT = iphoneos;
				SWIFT_ACTIVE_COMPILATION_CONDITIONS = DEBUG;
				SWIFT_OPTIMIZATION_LEVEL = "-Onone";
			};
			name = Debug;
		};
		00164E091FF5372B001F5661 /* Release */ = {
			isa = XCBuildConfiguration;
			buildSettings = {
				ALWAYS_SEARCH_USER_PATHS = NO;
				CLANG_ANALYZER_NONNULL = YES;
				CLANG_ANALYZER_NUMBER_OBJECT_CONVERSION = YES_AGGRESSIVE;
				CLANG_CXX_LANGUAGE_STANDARD = "gnu++14";
				CLANG_CXX_LIBRARY = "libc++";
				CLANG_ENABLE_MODULES = YES;
				CLANG_ENABLE_OBJC_ARC = YES;
				CLANG_WARN_BLOCK_CAPTURE_AUTORELEASING = YES;
				CLANG_WARN_BOOL_CONVERSION = YES;
				CLANG_WARN_COMMA = YES;
				CLANG_WARN_CONSTANT_CONVERSION = YES;
				CLANG_WARN_DIRECT_OBJC_ISA_USAGE = YES_ERROR;
				CLANG_WARN_DOCUMENTATION_COMMENTS = YES;
				CLANG_WARN_EMPTY_BODY = YES;
				CLANG_WARN_ENUM_CONVERSION = YES;
				CLANG_WARN_INFINITE_RECURSION = YES;
				CLANG_WARN_INT_CONVERSION = YES;
				CLANG_WARN_NON_LITERAL_NULL_CONVERSION = YES;
				CLANG_WARN_OBJC_LITERAL_CONVERSION = YES;
				CLANG_WARN_OBJC_ROOT_CLASS = YES_ERROR;
				CLANG_WARN_RANGE_LOOP_ANALYSIS = YES;
				CLANG_WARN_STRICT_PROTOTYPES = YES;
				CLANG_WARN_SUSPICIOUS_MOVE = YES;
				CLANG_WARN_UNGUARDED_AVAILABILITY = YES_AGGRESSIVE;
				CLANG_WARN_UNREACHABLE_CODE = YES;
				CLANG_WARN__DUPLICATE_METHOD_MATCH = YES;
				CODE_SIGN_IDENTITY = "iPhone Developer";
				COPY_PHASE_STRIP = NO;
				DEBUG_INFORMATION_FORMAT = "dwarf-with-dsym";
				ENABLE_NS_ASSERTIONS = NO;
				ENABLE_STRICT_OBJC_MSGSEND = YES;
				GCC_C_LANGUAGE_STANDARD = gnu11;
				GCC_NO_COMMON_BLOCKS = YES;
				GCC_WARN_64_TO_32_BIT_CONVERSION = YES;
				GCC_WARN_ABOUT_RETURN_TYPE = YES_ERROR;
				GCC_WARN_UNDECLARED_SELECTOR = YES;
				GCC_WARN_UNINITIALIZED_AUTOS = YES_AGGRESSIVE;
				GCC_WARN_UNUSED_FUNCTION = YES;
				GCC_WARN_UNUSED_VARIABLE = YES;
				IPHONEOS_DEPLOYMENT_TARGET = 11.2;
				MTL_ENABLE_DEBUG_INFO = NO;
				SDKROOT = iphoneos;
				SWIFT_OPTIMIZATION_LEVEL = "-Owholemodule";
				VALIDATE_PRODUCT = YES;
			};
			name = Release;
		};
		00164E0B1FF5372B001F5661 /* Debug */ = {
			isa = XCBuildConfiguration;
			buildSettings = {
				ASSETCATALOG_COMPILER_APPICON_NAME = AppIcon;
				CODE_SIGN_STYLE = Automatic;
				DEVELOPMENT_TEAM = 53892P7K48;
				INFOPLIST_FILE = V2LparJson/Info.plist;
				LD_RUNPATH_SEARCH_PATHS = "$(inherited) @executable_path/Frameworks";
				PRODUCT_BUNDLE_IDENTIFIER = com.jake.berberich.V2LparJson;
				PRODUCT_NAME = "$(TARGET_NAME)";
				SWIFT_VERSION = 4.0;
				TARGETED_DEVICE_FAMILY = "1,2";
			};
			name = Debug;
		};
		00164E0C1FF5372B001F5661 /* Release */ = {
			isa = XCBuildConfiguration;
			buildSettings = {
				ASSETCATALOG_COMPILER_APPICON_NAME = AppIcon;
				CODE_SIGN_STYLE = Automatic;
				DEVELOPMENT_TEAM = 53892P7K48;
				INFOPLIST_FILE = V2LparJson/Info.plist;
				LD_RUNPATH_SEARCH_PATHS = "$(inherited) @executable_path/Frameworks";
				PRODUCT_BUNDLE_IDENTIFIER = com.jake.berberich.V2LparJson;
				PRODUCT_NAME = "$(TARGET_NAME)";
				SWIFT_VERSION = 4.0;
				TARGETED_DEVICE_FAMILY = "1,2";
			};
			name = Release;
		};
/* End XCBuildConfiguration section */

/* Begin XCConfigurationList section */
		00164DF11FF5372B001F5661 /* Build configuration list for PBXProject "V2LparJson" */ = {
			isa = XCConfigurationList;
			buildConfigurations = (
				00164E081FF5372B001F5661 /* Debug */,
				00164E091FF5372B001F5661 /* Release */,
			);
			defaultConfigurationIsVisible = 0;
			defaultConfigurationName = Release;
		};
		00164E0A1FF5372B001F5661 /* Build configuration list for PBXNativeTarget "V2LparJson" */ = {
			isa = XCConfigurationList;
			buildConfigurations = (
				00164E0B1FF5372B001F5661 /* Debug */,
				00164E0C1FF5372B001F5661 /* Release */,
			);
			defaultConfigurationIsVisible = 0;
			defaultConfigurationName = Release;
		};
/* End XCConfigurationList section */
	};
	rootObject = 00164DEE1FF5372B001F5661 /* Project object */;
}
